
Microsoft Visual Studio Solution File, Format Version 12.00
# Visual Studio Version 17
VisualStudioVersion = 17.3.32901.215
MinimumVisualStudioVersion = 10.0.40219.1
Project("{FAE04EC0-301F-11D3-BF4B-00C04F79EFBC}") = "Excrise2", "Excrise2\Excrise2.csproj", "{51698630-1A1E-4F6F-AC07-4D05E21E8AD7}"
EndProject
Global
	GlobalSection(SolutionConfigurationPlatforms) = preSolution
		Debug|Any CPU = Debug|Any CPU
		Release|Any CPU = Release|Any CPU
	EndGlobalSection
	GlobalSection(ProjectConfigurationPlatforms) = postSolution
		{51698630-1A1E-4F6F-AC07-4D05E21E8AD7}.Debug|Any CPU.ActiveCfg = Debug|Any CPU
		{51698630-1A1E-4F6F-AC07-4D05E21E8AD7}.Debug|Any CPU.Build.0 = Debug|Any CPU
		{51698630-1A1E-4F6F-AC07-4D05E21E8AD7}.Release|Any CPU.ActiveCfg = Release|Any CPU
		{51698630-1A1E-4F6F-AC07-4D05E21E8AD7}.Release|Any CPU.Build.0 = Release|Any CPU
	EndGlobalSection
	GlobalSection(SolutionProperties) = preSolution
		HideSolutionNode = FALSE
	EndGlobalSection
	GlobalSection(ExtensibilityGlobals) = postSolution
		SolutionGuid = {C928385E-96A3-4907-9F77-3F8EC8B7F5F0}
	EndGlobalSection
EndGlobal
